
Microsoft Visual Studio Solution File, Format Version 12.00
# Visual Studio Version 17
VisualStudioVersion = 17.9.34607.119
MinimumVisualStudioVersion = 10.0.40219.1
Project("{FAE04EC0-301F-11D3-BF4B-00C04F79EFBC}") = "Optimal_option_pairing_algoritham", "Optimal_option_pairing_algoritham\Optimal_option_pairing_algoritham.csproj", "{510B2225-2CED-41A9-8C7B-D92641AAD7A1}"
EndProject
Global
	GlobalSection(SolutionConfigurationPlatforms) = preSolution
		Debug|Any CPU = Debug|Any CPU
		Release|Any CPU = Release|Any CPU
	EndGlobalSection
	GlobalSection(ProjectConfigurationPlatforms) = postSolution
		{510B2225-2CED-41A9-8C7B-D92641AAD7A1}.Debug|Any CPU.ActiveCfg = Debug|Any CPU
		{510B2225-2CED-41A9-8C7B-D92641AAD7A1}.Debug|Any CPU.Build.0 = Debug|Any CPU
		{510B2225-2CED-41A9-8C7B-D92641AAD7A1}.Release|Any CPU.ActiveCfg = Release|Any CPU
		{510B2225-2CED-41A9-8C7B-D92641AAD7A1}.Release|Any CPU.Build.0 = Release|Any CPU
	EndGlobalSection
	GlobalSection(SolutionProperties) = preSolution
		HideSolutionNode = FALSE
	EndGlobalSection
	GlobalSection(ExtensibilityGlobals) = postSolution
		SolutionGuid = {DF73F66B-88B1-4A94-BB08-A78E7F287275}
	EndGlobalSection
EndGlobal
